# @generated - this file is auto-generated by `mise lock` https://mise.jdx.dev/dev-tools/mise-lock.html

lockfile_version = 2

[[tools."github:dyoshikawa/rulesync"]]
version = "25.0.0"
backend = "github:dyoshikawa/rulesync"
specifiers = ["latest"]

[tools."github:dyoshikawa/rulesync"."platforms.linux-arm64"]
checksum = "sha256:769fff7c8f1f7d2f8d05b5f186ccb52c5a7e08832474cf3dd30cc947186ac5ae"
url = "https://github.com/dyoshikawa/rulesync/releases/download/v25.0.0/rulesync-linux-arm64"
url_api = "https://api.github.com/repos/dyoshikawa/rulesync/releases/assets/604089471"
provenance = "github-attestations"

[tools."github:dyoshikawa/rulesync"."platforms.linux-arm64-musl"]
checksum = "sha256:769fff7c8f1f7d2f8d05b5f186ccb52c5a7e08832474cf3dd30cc947186ac5ae"
url = "https://github.com/dyoshikawa/rulesync/releases/download/v25.0.0/rulesync-linux-arm64"
url_api = "https://api.github.com/repos/dyoshikawa/rulesync/releases/assets/604089471"
provenance = "github-attestations"

[tools."github:dyoshikawa/rulesync"."platforms.linux-x64"]
checksum = "sha256:4c2c92da0d42bd131212b8b038976f8e784bfd5c92fff8fb59bfae86de9e4daf"
url = "https://github.com/dyoshikawa/rulesync/releases/download/v25.0.0/rulesync-linux-x64"
url_api = "https://api.github.com/repos/dyoshikawa/rulesync/releases/assets/604089475"
provenance = "github-attestations"

[tools."github:dyoshikawa/rulesync"."platforms.linux-x64-musl"]
checksum = "sha256:4c2c92da0d42bd131212b8b038976f8e784bfd5c92fff8fb59bfae86de9e4daf"
url = "https://github.com/dyoshikawa/rulesync/releases/download/v25.0.0/rulesync-linux-x64"
url_api = "https://api.github.com/repos/dyoshikawa/rulesync/releases/assets/604089475"
provenance = "github-attestations"

[tools."github:dyoshikawa/rulesync"."platforms.macos-arm64"]
checksum = "sha256:a976d3d4f96c9bf5f3a1c0032676f0c256d58e25d94067d08a127ed1e29b94ff"
url = "https://github.com/dyoshikawa/rulesync/releases/download/v25.0.0/rulesync-darwin-arm64"
url_api = "https://api.github.com/repos/dyoshikawa/rulesync/releases/assets/604089473"
provenance = "github-attestations"

[tools."github:dyoshikawa/rulesync"."platforms.macos-x64"]
checksum = "sha256:aa7c1e828c2f13f1351b34952d7e723d4742501af5bebe0c4c3deb8c9ed50317"
url = "https://github.com/dyoshikawa/rulesync/releases/download/v25.0.0/rulesync-darwin-x64"
url_api = "https://api.github.com/repos/dyoshikawa/rulesync/releases/assets/604089476"
provenance = "github-attestations"

[tools."github:dyoshikawa/rulesync"."platforms.windows-x64"]
checksum = "sha256:1db9af361178cc68ac9c18eeb8a12dc1a2edd31e2a9f2611c6f0a60e23415754"
url = "https://github.com/dyoshikawa/rulesync/releases/download/v25.0.0/rulesync-windows-x64.exe"
url_api = "https://api.github.com/repos/dyoshikawa/rulesync/releases/assets/604089470"
provenance = "github-attestations"
