{
  "lockfileVersion": 1,
  "sources": {
    "mattpocock/skills": {
      "requestedRef": "main",
      "resolvedRef": "24fe0ef7737efae15c87225755e9f6f5965e4888",
      "resolvedAt": "2026-10-04T23:25:41.958Z",
      "skills": {
        "ask-matt": {
          "integrity": "sha256-f51b8d890773efeeb087d2e7b0902b070bd279f2297e06f45abbeeca3730e105"
        },
        "code-review": {
          "integrity": "sha256-12daafb9c4f77deb3c3303dc2e6f8a3c2a0ff7928fc004af959ba18b8bd38068"
        },
        "codebase-design": {
          "integrity": "sha256-7383fac1ae3869fe7c6e195c9f3e1ea61039be47e8e10b70702fb90ee076d913"
        },
        "diagnosing-bugs": {
          "integrity": "sha256-797393d3767d1fcfa35472cf0d6c99b475e2e0726829f402a2e0a62f940d9ea4"
        },
        "domain-modeling": {
          "integrity": "sha256-a94465b3818001677bed9e51205fcbea48b35b1938215ab2f42459029e805f51"
        },
        "grill-with-docs": {
          "integrity": "sha256-6b1292031c4f38a11309b9dad9be1141c1921c6edf86d1ae6da8b048fa71a349"
        },
        "implement-spec": {
          "integrity": "sha256-cf8e1a5cc76d042e3ada41826352b35e523c49261e319d0b85a00ca701d1b189"
        },
        "implement": {
          "integrity": "sha256-b49a049477c7eec7f8dd90745dbc3f27bf75617b832d5b5f33c55aab7638a12e"
        },
        "improve-codebase-architecture": {
          "integrity": "sha256-e0f420699a632579a989b6c5e4a674f78126669608e4d5eea5f2f6294238557a"
        },
        "pr": {
          "integrity": "sha256-556671c9cfe315c003b3e05bb8c58ad0a75fcde32c67e8cf82a9069c80a92854"
        },
        "prototype": {
          "integrity": "sha256-492e4433fcd9cf88c0854aba063829ee248b208849e5827a45da8424199fd10f"
        },
        "research": {
          "integrity": "sha256-75b7f9bbd7ccff6755a006f8b25d319a46ecbf6bd4b4c3323965ed9cb65e78ff"
        },
        "retro": {
          "integrity": "sha256-33e50d2e1b6da392645e0dee2f5ac3b1ca03b3d1c3aa39e9d25269656b4d4714"
        },
        "setup-matt-pocock-skills": {
          "integrity": "sha256-749d57d4bb2e6c2ae25093e047ff0fe25922febb969ccd9b96d51546dcbf7e84"
        },
        "tdd": {
          "integrity": "sha256-dc17f0fd4eb735cef8810d1a9e025cb3cd291f8f6551cf0adec1c93b5ea1ebd2"
        },
        "to-spec": {
          "integrity": "sha256-f8041146ec1678c32304f46c9de99b73a4b5dadf664e35a8124be47c4cfe3196"
        },
        "to-tickets": {
          "integrity": "sha256-597a1a0af4f7391ab459a02a3f33576109b6bc61ecdc5e7e05149336858b4f29"
        },
        "triage": {
          "integrity": "sha256-1ec33672b2ac2ca02c906f204b3bfb819c7f37bfe1df033871bffaaf222fb1f6"
        },
        "wayfinder": {
          "integrity": "sha256-93d2a866764b048ad641e82e27e7a1940fc370e7933470bffeb937fa1fb3922b"
        },
        "wizard": {
          "integrity": "sha256-518a4d148ef366cde28bd3b5f3eefc54ac7ddeeb670cd96eaff07cf4d2ce30f0"
        }
      },
      "skillSelection": [
        "ask-matt",
        "code-review",
        "codebase-design",
        "diagnosing-bugs",
        "domain-modeling",
        "grill-with-docs",
        "implement",
        "implement-spec",
        "improve-codebase-architecture",
        "pr",
        "prototype",
        "research",
        "retro",
        "setup-matt-pocock-skills",
        "tdd",
        "to-spec",
        "to-tickets",
        "triage",
        "wayfinder",
        "wizard"
      ]
    },
    "aliyome/mattpocock-skills": {
      "requestedRef": "main",
      "resolvedRef": "c55ee46073ed923f86ce59a5eb3b6d895095d1b7",
      "resolvedAt": "2026-10-04T23:25:49.045Z",
      "skills": {
        "grill-me": {
          "integrity": "sha256-5a13e157f85835632b132390a162d234822658b6a544f31cc2578280062bd044"
        },
        "grilling": {
          "integrity": "sha256-0ca4cfe5105d79c6ef6755491492e056c43e88b82666376d8ecd7fac695d96e6"
        },
        "handoff": {
          "integrity": "sha256-e5a44fccc710f5402deee06beaf5178397885765773375f186aefd179565f23f"
        },
        "to-questionnaire": {
          "integrity": "sha256-915ac22f1133fd4a7899ac6536e704cae57f1104d45745b32193d1572332868f"
        },
        "wait-what": {
          "integrity": "sha256-3f2e7e2ce8820380c08df1d6f2d8dc6aaefe5c2857d00a7190990c62d4039316"
        },
        "writing-for-agents": {
          "integrity": "sha256-0071124a923559493bc8924a90fb87bceb048d31ad2ce785fa4281d7c506bfa7"
        }
      },
      "skillSelection": [
        "grill-me",
        "grilling",
        "handoff",
        "to-questionnaire",
        "wait-what",
        "writing-for-agents"
      ]
    },
    "nanaism/yomiyasu": {
      "requestedRef": "main",
      "resolvedRef": "4075fc34fb0333ca1fe42d32cd619338f4a138ba",
      "resolvedAt": "2026-10-04T23:25:54.058Z",
      "skills": {
        "yomiyasu": {
          "integrity": "sha256-ef206e7538e119b5d16d1d2107df250fda4ea0d79733a28514bb5f3e0a5cdec6"
        }
      },
      "skillSelection": [
        "yomiyasu"
      ]
    },
    "herdrdev/herdr": {
      "requestedRef": "master",
      "resolvedRef": "e35f3937b0efe40ec0dab675709c68e1d8e8c9e6",
      "resolvedAt": "2026-10-04T23:25:55.161Z",
      "skills": {
        "herdr": {
          "integrity": "sha256-edea041990ac79c133a54d16eb4a2ec0b00abcc78e66ea30ecd9d61d3f2dff93"
        }
      },
      "skillSelection": [
        "herdr"
      ]
    },
    "cursor/plugins": {
      "requestedRef": "main",
      "resolvedRef": "df581122cde17e6e27686b5a448bde23e4ad4318",
      "resolvedAt": "2026-10-06T07:02:54.896Z",
      "skills": {
        "architect": {
          "integrity": "sha256-a51dd59904372349957e101054f7f591793a33755a4367368057c42e8992f91b"
        },
        "arena": {
          "integrity": "sha256-eb95b61ac868c984d6b635b60e170c22f021ab3974ff72f17c50adfa2668bbda"
        },
        "benchmark-checklist": {
          "integrity": "sha256-be11df2214b4d566e4c0193253a2a37567fc5fe2d69a99f2781ac11fb291b925"
        },
        "principle-attack-the-premise": {
          "integrity": "sha256-4d7616448ba38512be9a05bba2b2a5eb9ae5497d89f3d1454c46a33b0ad99f2d"
        },
        "principle-boundary-discipline": {
          "integrity": "sha256-55d63ee9d377c4a518339a648526878d27133f305ca00d519be95a729c8dbd44"
        },
        "principle-build-the-lever": {
          "integrity": "sha256-048f9a2ce932b49f1f644b0ba9f67b4aa058b57c20769ea27339c33b7c8c70ee"
        },
        "principle-encode-lessons-in-structure": {
          "integrity": "sha256-1ea3c30cfdd72ead5d6607d49e2b940dfe2451298b3be501acbf6cf0821b347f"
        },
        "principle-exhaust-the-design-space": {
          "integrity": "sha256-f88881a656aedc92579b3ccad3f6c0e5420be480ab6838e59a4a33e89a69b2e2"
        },
        "principle-experience-first": {
          "integrity": "sha256-3755ab3288a053dd3bf42f4851a605f8ab4a734ca37ac8345148bdff67fba511"
        },
        "principle-explain-the-number": {
          "integrity": "sha256-f50b8fd5d0f8952eb7019872acc3a7dddf921c67036a77e91fb556cb8aec7b24"
        },
        "principle-fix-root-causes": {
          "integrity": "sha256-7751feaf5ee319bd3f2fce39d08cb10bde88dc00bce3f6fbd7665726ace4085f"
        },
        "principle-foundational-thinking": {
          "integrity": "sha256-1d23c9a69f71d4b49a77cff4f3460faf589a0822a44f163ddabbe70fc3815a79"
        },
        "principle-guard-the-context-window": {
          "integrity": "sha256-4821d7945b748058c3a9bd474052b6dcfe96f4a41fc10807947c842cc37352ff"
        },
        "principle-laziness-protocol": {
          "integrity": "sha256-c564e2925269cb40dc6a76bd6d1ef9b9b5fa595c4b4e3ca63a5918f692e722e4"
        },
        "principle-make-operations-idempotent": {
          "integrity": "sha256-ef75b4d6320cb41d71a53052bc76e3154d1d26dc2be61728cfd2db2fadd56d89"
        },
        "principle-migrate-callers-then-delete-legacy-apis": {
          "integrity": "sha256-d7f71a042febde66835f46e8359276008745ac9e4273c24e1c05c15a2de08527"
        },
        "principle-minimize-reader-load": {
          "integrity": "sha256-dfdb3518545f5d7010155de12a64c4100bf2e14b1628f2a277d9b60764e0b4c6"
        },
        "principle-model-the-domain": {
          "integrity": "sha256-b9bfe568c32df5df198e34a70e856f8874bca072409bb3baa435e532181be469"
        },
        "principle-never-block-on-the-human": {
          "integrity": "sha256-f966763e1f4d7aea663e7107166da8bee17d9ab6513a23e484ad99f776c5dbc6"
        },
        "principle-outcome-oriented-execution": {
          "integrity": "sha256-234c15fa31f1184c078936e45b3097f5b917882eb877201de62003638626c571"
        },
        "principle-prove-it-works": {
          "integrity": "sha256-e411e390703f8dfa987dc8a19ecde9b4dc14a623b5543d76f65b6c4a94bde1e1"
        },
        "principle-redesign-from-first-principles": {
          "integrity": "sha256-52aede457a6aecc5a1a4c9672f189875f3e74daaf6b5c5622bcc1767d8b25007"
        },
        "principle-separate-before-serializing-shared-state": {
          "integrity": "sha256-d44b58f1b770b1855326864a5502ce8e627de278ac2f65edabea5aa1d14b5ba9"
        },
        "principle-sequence-verifiable-units": {
          "integrity": "sha256-d1719c7e3d8b4b9a2fd0a8561ca36a5d7c708f8d248b8b02dca664b59bfc74c4"
        },
        "principle-subtract-before-you-add": {
          "integrity": "sha256-67dd6dacc9b3b6e21e34528e556f4111f91b2e6ed6065350ce7c6fbbf03e9e15"
        },
        "principle-test-behavior-not-implementation": {
          "integrity": "sha256-074f151f5a7374d87139a310b0f35cde7a999e285d5a0ee30b9af665a396fa73"
        },
        "principle-type-system-discipline": {
          "integrity": "sha256-d05e0de14c21842995167a7bac675073c14fd9b10ae2aff874d87c1b66f52bfc"
        },
        "typescript-best-practices": {
          "integrity": "sha256-e435471e769225a144d22a60d0578383fdcf14bba264ed54a3f858189663fc8e"
        }
      },
      "skillSelection": [
        "architect",
        "arena",
        "benchmark-checklist",
        "principle-attack-the-premise",
        "principle-boundary-discipline",
        "principle-build-the-lever",
        "principle-encode-lessons-in-structure",
        "principle-exhaust-the-design-space",
        "principle-experience-first",
        "principle-explain-the-number",
        "principle-fix-root-causes",
        "principle-foundational-thinking",
        "principle-guard-the-context-window",
        "principle-laziness-protocol",
        "principle-make-operations-idempotent",
        "principle-migrate-callers-then-delete-legacy-apis",
        "principle-minimize-reader-load",
        "principle-model-the-domain",
        "principle-never-block-on-the-human",
        "principle-outcome-oriented-execution",
        "principle-prove-it-works",
        "principle-redesign-from-first-principles",
        "principle-separate-before-serializing-shared-state",
        "principle-sequence-verifiable-units",
        "principle-subtract-before-you-add",
        "principle-test-behavior-not-implementation",
        "principle-type-system-discipline",
        "typescript-best-practices"
      ]
    }
  }
}
