lockfileVersion: '9.0'

settings:
  autoInstallPeers: true
  excludeLinksFromLockfile: false

importers:

  .:
    dependencies:
      '@github/copilot':
        specifier: 1.0.89
        version: 1.0.89

packages:

  '@github/copilot-darwin-arm64@1.0.89':
    resolution: {integrity: sha512-CaBNRZ1gRgatEdlgL2l/Ykw+79sOOYhBWFh3ohifYL7XgPBLf4xnXf59WlOTRT3Ojm4RSbbu/qVwBAa/elIdPQ==}
    cpu: [arm64]
    os: [darwin]
    hasBin: true

  '@github/copilot-darwin-x64@1.0.89':
    resolution: {integrity: sha512-C+O/Rx1NuVjTiNHOEfpN2t8GyPhdc8hYuiPScggsXhQz4J2VGXp+l+249HMh/62P8bkZZS/Hze8kJjy03qemTA==}
    cpu: [x64]
    os: [darwin]
    hasBin: true

  '@github/copilot-linux-arm64@1.0.89':
    resolution: {integrity: sha512-RQu275/pQFVmuAm+HRMUW0E2b9sIZsZ7jHtxWFRkdG5s5EdfySAxPVLKVpjqw/ZK/w3eWciMqvzJZ0QipJ2bcg==}
    cpu: [arm64]
    os: [linux]
    libc: [glibc]
    hasBin: true

  '@github/copilot-linux-x64@1.0.89':
    resolution: {integrity: sha512-wkF+uILxEncP3HI6+ZhK4draB7UVuk043Emx3MGOtdbuS9Ug29w2wKCVdKafIAnc/wj27x32uItBPgv3K5WUug==}
    cpu: [x64]
    os: [linux]
    libc: [glibc]
    hasBin: true

  '@github/copilot-linuxmusl-arm64@1.0.89':
    resolution: {integrity: sha512-80IKetC9720SPZzAZE2qTrm/r3XRufFOLEuyd9W42bLbu19VTzULDyIul9b4L1nVZezDM+evvdIpycA26eos9w==}
    cpu: [arm64]
    os: [linux]
    libc: [musl]
    hasBin: true

  '@github/copilot-linuxmusl-x64@1.0.89':
    resolution: {integrity: sha512-dkwzbzoqgXQKxYN3Fxt5L3iXtsnqf5/4d7Ne7rtaqHKS8I9GtYPDYkSnkh2FDjVGXqjkLoFilzBPtoD2xWq86A==}
    cpu: [x64]
    os: [linux]
    libc: [musl]
    hasBin: true

  '@github/copilot-win32-arm64@1.0.89':
    resolution: {integrity: sha512-+cUikLc7T7EJrzl35vcVSp+7tsjfPqVhh1llo9eewe4NJx5YyCubeAsGNQCc41o/2nBthb/mUroENFf2rmElIw==}
    cpu: [arm64]
    os: [win32]
    hasBin: true

  '@github/copilot-win32-x64@1.0.89':
    resolution: {integrity: sha512-m8j6ItUYVkikFPJ3TxoHl1hI6mGydynDGuqkdXXfr/Pmutj0LavlFpWhUYFR+6utjbYN5q6gpPdGxZLs6K84KA==}
    cpu: [x64]
    os: [win32]
    hasBin: true

  '@github/copilot@1.0.89':
    resolution: {integrity: sha512-n91AC6rhWOYM2xmXi5eFq/elempGiHHlYviSYUPETj14bHy+bjLYdmn8OzpiIuYnv6d80xmXQ/t9OTBfmG5Ugg==}
    hasBin: true

  detect-libc@2.1.2:
    resolution: {integrity: sha512-Btj2BOOO83o3WyH59e8MgXsxEQVcarkUOpEYrubB0urwnN10yQ364rsiByU11nZlqWYZm05i/of7io4mzihBtQ==}
    engines: {node: '>=8'}

snapshots:

  '@github/copilot-darwin-arm64@1.0.89':
    optional: true

  '@github/copilot-darwin-x64@1.0.89':
    optional: true

  '@github/copilot-linux-arm64@1.0.89':
    optional: true

  '@github/copilot-linux-x64@1.0.89':
    optional: true

  '@github/copilot-linuxmusl-arm64@1.0.89':
    optional: true

  '@github/copilot-linuxmusl-x64@1.0.89':
    optional: true

  '@github/copilot-win32-arm64@1.0.89':
    optional: true

  '@github/copilot-win32-x64@1.0.89':
    optional: true

  '@github/copilot@1.0.89':
    dependencies:
      detect-libc: 2.1.2
    optionalDependencies:
      '@github/copilot-darwin-arm64': 1.0.89
      '@github/copilot-darwin-x64': 1.0.89
      '@github/copilot-linux-arm64': 1.0.89
      '@github/copilot-linux-x64': 1.0.89
      '@github/copilot-linuxmusl-arm64': 1.0.89
      '@github/copilot-linuxmusl-x64': 1.0.89
      '@github/copilot-win32-arm64': 1.0.89
      '@github/copilot-win32-x64': 1.0.89

  detect-libc@2.1.2: {}
