lockfileVersion: '9.0'

settings:
  autoInstallPeers: true
  excludeLinksFromLockfile: false

importers:

  .:
    dependencies:
      '@anthropic-ai/sandbox-runtime':
        specifier: 0.0.77
        version: 0.0.77

packages:

  '@anthropic-ai/sandbox-runtime@0.0.77':
    resolution: {integrity: sha512-uOe6kkAbo91r5shXXBxZ1DKbOpWmnXkNDDujXrFJRaHSG7D7s8b7Yfsu0pGDkYFgKZ2ECtVCNisl6pCYcaMF7A==}
    engines: {node: '>=20.11.0'}
    hasBin: true

  '@pondwader/socks5-server@1.0.10':
    resolution: {integrity: sha512-bQY06wzzR8D2+vVCUoBsr5QS2U6UgPUQRmErNwtsuI6vLcyRKkafjkr3KxbtGFf9aBBIV2mcvlsKD1UYaIV+sg==}

  commander@12.1.0:
    resolution: {integrity: sha512-Vw8qHK3bZM9y/P10u3Vib8o/DdkvA2OtPtZvD871QKjy74Wj1WSKFILMPRPSdUSx5RFK1arlJzEtA4PkFgnbuA==}
    engines: {node: '>=18'}

  node-forge@1.4.0:
    resolution: {integrity: sha512-LarFH0+6VfriEhqMMcLX2F7SwSXeWwnEAJEsYm5QKWchiVYVvJyV9v7UDvUv+w5HO23ZpQTXDv/GxdDdMyOuoQ==}
    engines: {node: '>= 6.13.0'}

  zod@3.25.76:
    resolution: {integrity: sha512-gzUt/qt81nXsFGKIFcC3YnfEAx5NkunCfnDlvuBSSFS02bcXu4Lmea0AFIUwbLWxWPx3d9p8S5QoaujKcNQxcQ==}

snapshots:

  '@anthropic-ai/sandbox-runtime@0.0.77':
    dependencies:
      '@pondwader/socks5-server': 1.0.10
      commander: 12.1.0
      node-forge: 1.4.0
      zod: 3.25.76

  '@pondwader/socks5-server@1.0.10': {}

  commander@12.1.0: {}

  node-forge@1.4.0: {}

  zod@3.25.76: {}
