lockfileVersion: '9.0'

settings:
  autoInstallPeers: true
  excludeLinksFromLockfile: false

importers:

  .:
    dependencies:
      '@playwright/cli':
        specifier: 0.1.22
        version: 0.1.22

packages:

  '@playwright/cli@0.1.22':
    resolution: {integrity: sha512-6WMkQNM4VEzqMkdr/l60X9Cr7i+tI/arK87IWz2K7pB6j8I2ZJ8KN+1JfhJDLnK+SXnab6Op8xGt4adcGLsyfA==}
    engines: {node: '>=18'}
    hasBin: true

  playwright-core@1.64.0-alpha-1790635538000:
    resolution: {integrity: sha512-pNwaXirhXMRLaRQs4NQ18EpTdtDoFwyPH9FOaaDC7YXG4hpwE2xmwCic/1srbuExVQC7zT9LJSJpDBAru+Vo9A==}
    engines: {node: '>=20'}
    hasBin: true

  playwright@1.64.0-alpha-1790635538000:
    resolution: {integrity: sha512-/5XDUMxpOd/9AojJtWDFIRV3EJZNQ0AwvK69wgt3CPzy8wTgiBG9pX45VfxtqtvIRGwfWzMhrvawNKreG69Snw==}
    engines: {node: '>=20'}
    hasBin: true

snapshots:

  '@playwright/cli@0.1.22':
    dependencies:
      playwright: 1.64.0-alpha-1790635538000
      playwright-core: 1.64.0-alpha-1790635538000

  playwright-core@1.64.0-alpha-1790635538000: {}

  playwright@1.64.0-alpha-1790635538000:
    dependencies:
      playwright-core: 1.64.0-alpha-1790635538000
