# @generated - this file is auto-generated by `mise lock` https://mise.jdx.dev/dev-tools/mise-lock.html

lockfile_version = 2

[[tools.bun]]
version = "1.4.2"
backend = "core:bun"
specifiers = ["latest"]

[[tools."github:yusukebe/ax"]]
version = "0.1.25"
backend = "github:yusukebe/ax"
specifiers = ["latest"]

[[tools.node]]
version = "24.21.0"
backend = "core:node"
specifiers = ["lts"]

[[tools."npm:@anthropic-ai/sandbox-runtime"]]
version = "0.0.77"
aube = { path = "locks/npm-anthropic-ai-sandbox-runtime/0.0.77", digest = "sha256:d1dbb97b8e56f01b1cc0200fd67f6d2bb99849789d1ae622215236a55d469ed2" }
backend = "npm:@anthropic-ai/sandbox-runtime"
specifiers = ["latest"]

[[tools."npm:@biomejs/biome"]]
version = "2.5.14"
aube = { path = "locks/npm-biomejs-biome/2.5.14", digest = "sha256:c3d3f7fb02a490af4311e9f59fc4db2ff60c60780e0e5b9174efbed4829834b2" }
backend = "npm:@biomejs/biome"
specifiers = ["latest"]

[[tools."npm:@earendil-works/pi-coding-agent"]]
version = "0.99.1"
aube = { path = "locks/npm-earendil-works-pi-coding-agent/0.99.1", digest = "sha256:23c5e0f50d64ce0295c2e7b0fe648803285b600cda9455186a1cab483979f3c4" }
backend = "npm:@earendil-works/pi-coding-agent"
specifiers = ["latest"]

[[tools."npm:@github/copilot"]]
version = "1.0.89"
aube = { path = "locks/npm-github-copilot/1.0.89", digest = "sha256:29e23eb24b035e4bd8add9a7149ffadef8a4192249884ec7cabc6557ba0e942a" }
backend = "npm:@github/copilot"
specifiers = ["latest"]

[[tools."npm:@playwright/cli"]]
version = "0.1.22"
aube = { path = "locks/npm-playwright-cli/0.1.22", digest = "sha256:f2db4a39ff14290524c7382d2b4b40dea121f00003bb18ba19551c717adb2b17" }
backend = "npm:@playwright/cli"
specifiers = ["latest"]

[[tools."npm:pnpm"]]
version = "12.8.2"
aube = { path = "locks/npm-pnpm/12.8.2", digest = "sha256:fa9a1cfc66a484ac21318ef22fef7002930cbefa4d9bbebfd80c8ef82b81818b" }
backend = "npm:pnpm"
specifiers = ["12"]

[[tools."npm:serve"]]
version = "14.2.6"
aube = { path = "locks/npm-serve/14.2.6", digest = "sha256:ab26c70fb01d3ea5b3447e1a1f549022b0b9919a2d5aef4bd3e3f366ec0bce85" }
backend = "npm:serve"
specifiers = ["latest"]

[[tools."npm:yarn"]]
version = "1.22.22"
aube = { path = "locks/npm-yarn/1.22.22", digest = "sha256:fb0a6374649a0fec5fe1999a7cc726567ee94d03802994a1a86b7d2264d470bc" }
backend = "npm:yarn"
specifiers = ["1.22.22"]

[[tools.python]]
version = "3.14.7"
backend = "core:python"
specifiers = ["latest"]

[[tools.rust]]
version = "1.98.1"
backend = "core:rust"
specifiers = ["latest"]

[[tools.terraform]]
version = "1.16.4"
backend = "aqua:hashicorp/terraform"
specifiers = ["latest"]

[[tools.uv]]
version = "0.12.21"
backend = "aqua:astral-sh/uv"
specifiers = ["latest"]
