# @generated - this file is auto-generated by `mise lock` https://mise.jdx.dev/dev-tools/mise-lock.html

lockfile_version = 2

[[tools.biome]]
version = "2.5.14"
backend = "aqua:biomejs/biome"
specifiers = ["latest"]

[tools.biome."platforms.macos-arm64"]
checksum = "sha256:3d1194d0a7b720315fb6f8cbafeb5b18ca7100c3e635e8ce82ef46b315de9c0e"
url = "https://github.com/biomejs/biome/releases/download/%40biomejs/biome%402.5.14/biome-darwin-arm64"
url_api = "https://api.github.com/repos/biomejs/biome/releases/assets/567471268"
provenance = "github-attestations"

[[tools.bun]]
version = "1.4.2"
backend = "core:bun"
specifiers = ["latest"]

[tools.bun."platforms.linux-arm64"]
checksum = "sha256:54328bbc2d9c8e0c9f892c544d66c57a83b84139e34909e5ee81758f1ac8fda7"
url = "https://github.com/oven-sh/bun/releases/download/bun-v1.4.2/bun-linux-aarch64.zip"

[tools.bun."platforms.linux-arm64-musl"]
checksum = "sha256:71760b6c8ea30623b81a4907cb815d48e2ea266f2e73e751534a44a0607950df"
url = "https://github.com/oven-sh/bun/releases/download/bun-v1.4.2/bun-linux-aarch64-musl.zip"

[tools.bun."platforms.linux-x64"]
checksum = "sha256:36368faef7527875d5ffa52e53cd48021741f2a83eb6208a8dd64068d422a913"
url = "https://github.com/oven-sh/bun/releases/download/bun-v1.4.2/bun-linux-x64.zip"

[tools.bun."platforms.linux-x64-baseline"]
checksum = "sha256:c678040f14fe0440eb839d37cbd0ce4c051a32da72806ac97de6a6aab6bf728f"
url = "https://github.com/oven-sh/bun/releases/download/bun-v1.4.2/bun-linux-x64-baseline.zip"

[tools.bun."platforms.linux-x64-musl"]
checksum = "sha256:4835eca59d6da70f4674f5642f6e459dcadab773695b2ed9922d131057989742"
url = "https://github.com/oven-sh/bun/releases/download/bun-v1.4.2/bun-linux-x64-musl.zip"

[tools.bun."platforms.linux-x64-musl-baseline"]
checksum = "sha256:76e1db84e98f22f78de0a87e309bfbbf297732847f9720db36750646c85c8c18"
url = "https://github.com/oven-sh/bun/releases/download/bun-v1.4.2/bun-linux-x64-musl-baseline.zip"

[tools.bun."platforms.macos-arm64"]
checksum = "sha256:90987a3a16d7db556d886ac3d551e7b6d3edf0a1cf43acaed622e8676be1d12f"
url = "https://github.com/oven-sh/bun/releases/download/bun-v1.4.2/bun-darwin-aarch64.zip"

[tools.bun."platforms.macos-x64"]
checksum = "sha256:80520d7e17526308c9185d261679ac6d27798d3803a0e9f7ff9121ab8affb012"
url = "https://github.com/oven-sh/bun/releases/download/bun-v1.4.2/bun-darwin-x64.zip"

[tools.bun."platforms.macos-x64-baseline"]
checksum = "sha256:bad5bbd6cf14d0980d115f5954c9ff904df619d5e994d2da1ffccd3f316300b0"
url = "https://github.com/oven-sh/bun/releases/download/bun-v1.4.2/bun-darwin-x64-baseline.zip"

[tools.bun."platforms.windows-x64"]
checksum = "sha256:ce4c17497b2f29712a99d3d53f028de28cd42e3bacb8589599e7f000e49b6405"
url = "https://github.com/oven-sh/bun/releases/download/bun-v1.4.2/bun-windows-x64.zip"

[tools.bun."platforms.windows-x64-baseline"]
checksum = "sha256:78c221c2376f79731ccf4e4af0b3bb46d81fefa3296c5abee09ad8a1b21e68c6"
url = "https://github.com/oven-sh/bun/releases/download/bun-v1.4.2/bun-windows-x64-baseline.zip"

[[tools."github:yusukebe/ax"]]
version = "0.1.25"
backend = "github:yusukebe/ax"
specifiers = ["latest"]

[tools."github:yusukebe/ax"."platforms.linux-arm64"]
checksum = "sha256:631fabf91071b30022039edb0c89a5e8768067cc00c8cf7ddb598326f02d2d5c"
url = "https://github.com/yusukebe/ax/releases/download/v0.1.25/ax-linux-arm64"
url_api = "https://api.github.com/repos/yusukebe/ax/releases/assets/502198738"

[tools."github:yusukebe/ax"."platforms.linux-arm64-musl"]
checksum = "sha256:631fabf91071b30022039edb0c89a5e8768067cc00c8cf7ddb598326f02d2d5c"
url = "https://github.com/yusukebe/ax/releases/download/v0.1.25/ax-linux-arm64"
url_api = "https://api.github.com/repos/yusukebe/ax/releases/assets/502198738"

[tools."github:yusukebe/ax"."platforms.linux-x64"]
checksum = "sha256:6e72297182074038a202d94e1cca9d61e8908d8a4fd5206b3c25ab91957cae2f"
url = "https://github.com/yusukebe/ax/releases/download/v0.1.25/ax-linux-x64"
url_api = "https://api.github.com/repos/yusukebe/ax/releases/assets/502198735"

[tools."github:yusukebe/ax"."platforms.linux-x64-musl"]
checksum = "sha256:6e72297182074038a202d94e1cca9d61e8908d8a4fd5206b3c25ab91957cae2f"
url = "https://github.com/yusukebe/ax/releases/download/v0.1.25/ax-linux-x64"
url_api = "https://api.github.com/repos/yusukebe/ax/releases/assets/502198735"

[tools."github:yusukebe/ax"."platforms.macos-arm64"]
checksum = "sha256:94633f9d61c743cffcf51e5338289d974c21428efb70bd2995e6c6ec13e062c1"
url = "https://github.com/yusukebe/ax/releases/download/v0.1.25/ax-darwin-arm64"
url_api = "https://api.github.com/repos/yusukebe/ax/releases/assets/502198739"

[tools."github:yusukebe/ax"."platforms.macos-x64"]
checksum = "sha256:c33b0a72df9960116e8467bfa0b170eec3f57244630ec8018efc593c7c375083"
url = "https://github.com/yusukebe/ax/releases/download/v0.1.25/ax-darwin-x64"
url_api = "https://api.github.com/repos/yusukebe/ax/releases/assets/502198736"

[tools."github:yusukebe/ax"."platforms.windows-x64"]
checksum = "sha256:abb0cef32377fc890e716f2375b94db453f65f87d984ff49cf56ef392a9881e5"
url = "https://github.com/yusukebe/ax/releases/download/v0.1.25/ax-windows-x64.exe"
url_api = "https://api.github.com/repos/yusukebe/ax/releases/assets/502198737"

[[tools.node]]
version = "24.21.0"
backend = "core:node"
specifiers = ["lts"]

[tools.node."platforms.linux-arm64"]
checksum = "sha256:724282c3b43aec998aa9527380465b45d229e021b58035f5f4f63095eabfe5d5"
url = "https://nodejs.org/dist/v24.21.0/node-v24.21.0-linux-arm64.tar.gz"

[tools.node."platforms.linux-arm64-musl"]
checksum = "sha256:3048b0811e158ca0d8672b59c839861763e144492980d8d29b369dfee45747e4"
url = "https://unofficial-builds.nodejs.org/download/release/v24.21.0/node-v24.21.0-linux-arm64-musl.tar.gz"

[tools.node."platforms.linux-x64"]
checksum = "sha256:6e1db87ef58b8819e5d5402eff1536491b18edd8eb7bee5ef7897876e88dc5ff"
url = "https://nodejs.org/dist/v24.21.0/node-v24.21.0-linux-x64.tar.gz"

[tools.node."platforms.linux-x64-musl"]
checksum = "sha256:01a713e34da98e7b4d2a3191ee7ca3f93dd0384d1a2ef23c379b2161ee6e133a"
url = "https://unofficial-builds.nodejs.org/download/release/v24.21.0/node-v24.21.0-linux-x64-musl.tar.gz"

[tools.node."platforms.macos-arm64"]
checksum = "sha256:bed7eea5325e1108f32ce5228ddd6a5f0f08a499ee42aa7442aea583702f6057"
url = "https://nodejs.org/dist/v24.21.0/node-v24.21.0-darwin-arm64.tar.gz"

[tools.node."platforms.macos-x64"]
checksum = "sha256:1462cb3b3046b815cf8ea436d3da450ec1a9f11dac7e5a46b0ada5305d7e8097"
url = "https://nodejs.org/dist/v24.21.0/node-v24.21.0-darwin-x64.tar.gz"

[tools.node."platforms.windows-x64"]
checksum = "sha256:158f7685b44de51f6c0df1d153526cbcd3e1bc739a8dfc607721cef75de9e541"
url = "https://nodejs.org/dist/v24.21.0/node-v24.21.0-win-x64.zip"

[[tools."npm:@anthropic-ai/sandbox-runtime"]]
version = "0.0.77"
aube = { path = "locks/npm-anthropic-ai-sandbox-runtime/0.0.77", digest = "sha256:d1dbb97b8e56f01b1cc0200fd67f6d2bb99849789d1ae622215236a55d469ed2" }
backend = "npm:@anthropic-ai/sandbox-runtime"
specifiers = ["latest"]

[[tools."npm:@biomejs/biome"]]
version = "2.5.14"
aube = { path = "locks/npm-biomejs-biome/2.5.14", digest = "sha256:c3d3f7fb02a490af4311e9f59fc4db2ff60c60780e0e5b9174efbed4829834b2" }
backend = "npm:@biomejs/biome"
specifiers = ["latest"]

[[tools."npm:@earendil-works/pi-coding-agent"]]
version = "0.99.1"
aube = { path = "locks/npm-earendil-works-pi-coding-agent/0.99.1", digest = "sha256:23c5e0f50d64ce0295c2e7b0fe648803285b600cda9455186a1cab483979f3c4" }
backend = "npm:@earendil-works/pi-coding-agent"
specifiers = ["latest"]

[[tools."npm:@github/copilot"]]
version = "1.0.89"
aube = { path = "locks/npm-github-copilot/1.0.89", digest = "sha256:29e23eb24b035e4bd8add9a7149ffadef8a4192249884ec7cabc6557ba0e942a" }
backend = "npm:@github/copilot"
specifiers = ["latest"]

[[tools."npm:@playwright/cli"]]
version = "0.1.22"
aube = { path = "locks/npm-playwright-cli/0.1.22", digest = "sha256:f2db4a39ff14290524c7382d2b4b40dea121f00003bb18ba19551c717adb2b17" }
backend = "npm:@playwright/cli"
specifiers = ["latest"]

[[tools."npm:pnpm"]]
version = "12.8.2"
aube = { path = "locks/npm-pnpm/12.8.2", digest = "sha256:fa9a1cfc66a484ac21318ef22fef7002930cbefa4d9bbebfd80c8ef82b81818b" }
backend = "npm:pnpm"
specifiers = ["12"]

[[tools."npm:serve"]]
version = "14.2.6"
aube = { path = "locks/npm-serve/14.2.6", digest = "sha256:ab26c70fb01d3ea5b3447e1a1f549022b0b9919a2d5aef4bd3e3f366ec0bce85" }
backend = "npm:serve"
specifiers = ["latest"]

[[tools."npm:yarn"]]
version = "1.22.22"
aube = { path = "locks/npm-yarn/1.22.22", digest = "sha256:fb0a6374649a0fec5fe1999a7cc726567ee94d03802994a1a86b7d2264d470bc" }
backend = "npm:yarn"
specifiers = ["1.22.22"]

[[tools.pnpm]]
version = "12.8.1"
backend = "aqua:pnpm/pnpm"
specifiers = ["latest"]

[[tools.python]]
version = "3.14.7"
backend = "core:python"
specifiers = ["latest"]

[tools.python."platforms.linux-arm64"]
checksum = "sha256:9b8bd45d06fc3fcdc56f2713a62535fe1c019816461ae87c170dd56184dd3f4d"
url = "https://github.com/astral-sh/python-build-standalone/releases/download/20260929/cpython-3.14.7+20260929-aarch64-unknown-linux-gnu-install_only_stripped.tar.gz"
provenance = "github-attestations"

[tools.python."platforms.linux-arm64-musl"]
checksum = "sha256:4cfa7844ab77ef43bd8e3579e1a33d21a1551e6f20f73b101973e745b24687ce"
url = "https://github.com/astral-sh/python-build-standalone/releases/download/20260929/cpython-3.14.7+20260929-aarch64-unknown-linux-musl-install_only_stripped.tar.gz"
provenance = "github-attestations"

[tools.python."platforms.linux-x64"]
checksum = "sha256:da5357f47b1d9c8d4c439004d463d893ef688a44c27438a62b47073d26d1377e"
url = "https://github.com/astral-sh/python-build-standalone/releases/download/20260929/cpython-3.14.7+20260929-x86_64-unknown-linux-gnu-install_only_stripped.tar.gz"
provenance = "github-attestations"

[tools.python."platforms.linux-x64-musl"]
checksum = "sha256:ecb40bf33dd24d43fe44f7830e0933cd5755d3cf02e45dc404a0cfb0ea6ce0d0"
url = "https://github.com/astral-sh/python-build-standalone/releases/download/20260929/cpython-3.14.7+20260929-x86_64-unknown-linux-musl-install_only_stripped.tar.gz"
provenance = "github-attestations"

[tools.python."platforms.macos-arm64"]
checksum = "sha256:44b4716f4e63bc85e1c07ea2aca730d13a0ec3557d06526d84a13b1d111cf4f9"
url = "https://github.com/astral-sh/python-build-standalone/releases/download/20260929/cpython-3.14.7+20260929-aarch64-apple-darwin-install_only_stripped.tar.gz"
provenance = "github-attestations"

[tools.python."platforms.macos-x64"]
checksum = "sha256:419c8d110a393add7e20480f785a9cc2213978cdb10f8198ee7bb38b02cdb0fe"
url = "https://github.com/astral-sh/python-build-standalone/releases/download/20260929/cpython-3.14.7+20260929-x86_64-apple-darwin-install_only_stripped.tar.gz"
provenance = "github-attestations"

[tools.python."platforms.windows-x64"]
checksum = "sha256:6378385d5e42ec0874656e5efd707fb92334a6972b1aca90fd254eb924a8f404"
url = "https://github.com/astral-sh/python-build-standalone/releases/download/20260929/cpython-3.14.7+20260929-x86_64-pc-windows-msvc-install_only_stripped.tar.gz"
provenance = "github-attestations"

[[tools.rust]]
version = "1.98.1"
backend = "core:rust"
specifiers = ["latest"]

[[tools.terraform]]
version = "1.16.4"
backend = "aqua:hashicorp/terraform"
specifiers = ["latest"]

[tools.terraform."platforms.linux-arm64"]
checksum = "sha256:8263f301cb1a24489a4adeed147bf28504053f77237b3ea97a0ef2972659de30"
url = "https://releases.hashicorp.com/terraform/1.16.4/terraform_1.16.4_linux_arm64.zip"

[tools.terraform."platforms.linux-arm64-musl"]
checksum = "sha256:8263f301cb1a24489a4adeed147bf28504053f77237b3ea97a0ef2972659de30"
url = "https://releases.hashicorp.com/terraform/1.16.4/terraform_1.16.4_linux_arm64.zip"

[tools.terraform."platforms.linux-x64"]
checksum = "sha256:dc94af0eef1147718ad7c8daea792ed199e3e0492eec180d0adafa2a65a879df"
url = "https://releases.hashicorp.com/terraform/1.16.4/terraform_1.16.4_linux_amd64.zip"

[tools.terraform."platforms.linux-x64-musl"]
checksum = "sha256:dc94af0eef1147718ad7c8daea792ed199e3e0492eec180d0adafa2a65a879df"
url = "https://releases.hashicorp.com/terraform/1.16.4/terraform_1.16.4_linux_amd64.zip"

[tools.terraform."platforms.macos-arm64"]
checksum = "sha256:42cfdf97ad722f79085fe2279b06d4b8680172de3534b22eeddd9a0fbbe7b8f1"
url = "https://releases.hashicorp.com/terraform/1.16.4/terraform_1.16.4_darwin_arm64.zip"

[tools.terraform."platforms.macos-x64"]
checksum = "sha256:2ee4b62064086e4b24b0d6cf2e61718fbaf0556feba990f708a5e32557554b3b"
url = "https://releases.hashicorp.com/terraform/1.16.4/terraform_1.16.4_darwin_amd64.zip"

[tools.terraform."platforms.windows-x64"]
checksum = "sha256:5c736ed6b0f13e98bc5029fe159574cca33634c3477466c56442c28b513a7054"
url = "https://releases.hashicorp.com/terraform/1.16.4/terraform_1.16.4_windows_amd64.zip"

[[tools.uv]]
version = "0.12.21"
backend = "aqua:astral-sh/uv"
specifiers = ["latest"]

[tools.uv."platforms.linux-arm64"]
checksum = "sha256:030b69227b40af8c1981b7301793dc66e71ed3c796ea8688209dd268bd91ec51"
url = "https://github.com/astral-sh/uv/releases/download/0.12.21/uv-aarch64-unknown-linux-gnu.tar.gz"
url_api = "https://api.github.com/repos/astral-sh/uv/releases/assets/599237845"
provenance = "github-attestations"

[tools.uv."platforms.linux-arm64-musl"]
checksum = "sha256:67389a674e62adffa5a395d9a3b80688731c4aa7b33a6def3e62d00f7fec821f"
url = "https://github.com/astral-sh/uv/releases/download/0.12.21/uv-aarch64-unknown-linux-musl.tar.gz"
url_api = "https://api.github.com/repos/astral-sh/uv/releases/assets/599237864"
provenance = "github-attestations"

[tools.uv."platforms.linux-x64"]
checksum = "sha256:23f02075b652bb1df64178cfae41b5caf160822e720e2663568f3f5d63bc52c0"
url = "https://github.com/astral-sh/uv/releases/download/0.12.21/uv-x86_64-unknown-linux-gnu.tar.gz"
url_api = "https://api.github.com/repos/astral-sh/uv/releases/assets/599238020"
provenance = "github-attestations"

[tools.uv."platforms.linux-x64-musl"]
checksum = "sha256:d69d543a55ec9cdf9d3d9f2648b0a161847e3dbddc477e3be6b5813a6d46f639"
url = "https://github.com/astral-sh/uv/releases/download/0.12.21/uv-x86_64-unknown-linux-musl.tar.gz"
url_api = "https://api.github.com/repos/astral-sh/uv/releases/assets/599238034"
provenance = "github-attestations"

[tools.uv."platforms.macos-arm64"]
checksum = "sha256:b88bda573e566ef9bced66b155fe0408626fbbc053aee1c30ba686f0728c9447"
url = "https://github.com/astral-sh/uv/releases/download/0.12.21/uv-aarch64-apple-darwin.tar.gz"
url_api = "https://api.github.com/repos/astral-sh/uv/releases/assets/599237829"
provenance = "github-attestations"

[tools.uv."platforms.macos-x64"]
checksum = "sha256:2b336763b396ec6afa20c5a8b083538ca7402445b868311979d740a4344c17d8"
url = "https://github.com/astral-sh/uv/releases/download/0.12.21/uv-x86_64-apple-darwin.tar.gz"
url_api = "https://api.github.com/repos/astral-sh/uv/releases/assets/599237993"
provenance = "github-attestations"

[tools.uv."platforms.windows-x64"]
checksum = "sha256:5d223efa0bf00208c3853246af09420419dfbd352536aa6bb8163d6170e23890"
url = "https://github.com/astral-sh/uv/releases/download/0.12.21/uv-x86_64-pc-windows-msvc.zip"
url_api = "https://api.github.com/repos/astral-sh/uv/releases/assets/599238008"
provenance = "github-attestations"

[[tools.yarn]]
version = "1.22.22"
backend = "vfox:mise-plugins/vfox-yarn"
specifiers = ["1.22.22"]
